
Microsoft Visual Studio Solution File, Format Version 12.00
# Visual Studio Version 16
VisualStudioVersion = 16.0.29911.84
MinimumVisualStudioVersion = 10.0.40219.1
Project("{9A19103F-16F7-4668-BE54-9A1E7A4F7556}") = "feed-generator", "feed-generator\feed-generator.csproj", "{C0633154-38FD-4A00-A056-D7180DD3E7C9}"
EndProject
Project("{9A19103F-16F7-4668-BE54-9A1E7A4F7556}") = "hashtag-actor", "hashtag-actor\hashtag-actor.csproj", "{F3D32756-7C1C-44C4-9C15-62FFCBFA9682}"
EndProject
Project("{9A19103F-16F7-4668-BE54-9A1E7A4F7556}") = "hashtag-counter", "hashtag-counter\hashtag-counter.csproj", "{519E9AB5-36F3-4634-BEC0-ED418D930F10}"
EndProject
Project("{9A19103F-16F7-4668-BE54-9A1E7A4F7556}") = "message-analyzer", "message-analyzer\message-analyzer.csproj", "{FC4E27C0-F752-4D60-8D5D-9207353F6862}"
EndProject
Project("{9A19103F-16F7-4668-BE54-9A1E7A4F7556}") = "snapshot", "snapshot\snapshot.csproj", "{17C23853-30F3-4900-9D41-A68CAE4F9070}"
EndProject
Project("{9A19103F-16F7-4668-BE54-9A1E7A4F7556}") = "validation-worker", "validation-worker\validation-worker.csproj", "{AD3BE10A-6338-4B00-BBB1-6FB8BB4AB149}"
EndProject
Project("{9A19103F-16F7-4668-BE54-9A1E7A4F7556}") = "common", "common\common.csproj", "{A1A42AD4-6C96-4A56-87E9-7AED724C536C}"
EndProject
Project("{E53339B2-1760-4266-BCC7-CA923CBCF16C}") = "docker-compose", "docker-compose.dcproj", "{73242B78-3C8C-4A5B-B312-9056A1167DBC}"
EndProject
Project("{FAE04EC0-301F-11D3-BF4B-00C04F79EFBC}") = "pubsub-workflow", "pubsub-workflow\pubsub-workflow.csproj", "{571AD477-1187-4E27-9ADB-CDD6E7370E8C}"
EndProject
Project("{FAE04EC0-301F-11D3-BF4B-00C04F79EFBC}") = "binding-workflow", "binding-workflow\binding-workflow.csproj", "{F4B8E286-57E3-4750-849F-A49F62C1AA4C}"
EndProject
Global
	GlobalSection(SolutionConfigurationPlatforms) = preSolution
		Debug|Any CPU = Debug|Any CPU
		Release|Any CPU = Release|Any CPU
	EndGlobalSection
	GlobalSection(ProjectConfigurationPlatforms) = postSolution
		{C0633154-38FD-4A00-A056-D7180DD3E7C9}.Debug|Any CPU.ActiveCfg = Debug|Any CPU
		{C0633154-38FD-4A00-A056-D7180DD3E7C9}.Debug|Any CPU.Build.0 = Debug|Any CPU
		{C0633154-38FD-4A00-A056-D7180DD3E7C9}.Release|Any CPU.ActiveCfg = Release|Any CPU
		{C0633154-38FD-4A00-A056-D7180DD3E7C9}.Release|Any CPU.Build.0 = Release|Any CPU
		{F3D32756-7C1C-44C4-9C15-62FFCBFA9682}.Debug|Any CPU.ActiveCfg = Debug|Any CPU
		{F3D32756-7C1C-44C4-9C15-62FFCBFA9682}.Debug|Any CPU.Build.0 = Debug|Any CPU
		{F3D32756-7C1C-44C4-9C15-62FFCBFA9682}.Release|Any CPU.ActiveCfg = Release|Any CPU
		{F3D32756-7C1C-44C4-9C15-62FFCBFA9682}.Release|Any CPU.Build.0 = Release|Any CPU
		{519E9AB5-36F3-4634-BEC0-ED418D930F10}.Debug|Any CPU.ActiveCfg = Debug|Any CPU
		{519E9AB5-36F3-4634-BEC0-ED418D930F10}.Debug|Any CPU.Build.0 = Debug|Any CPU
		{519E9AB5-36F3-4634-BEC0-ED418D930F10}.Release|Any CPU.ActiveCfg = Release|Any CPU
		{519E9AB5-36F3-4634-BEC0-ED418D930F10}.Release|Any CPU.Build.0 = Release|Any CPU
		{FC4E27C0-F752-4D60-8D5D-9207353F6862}.Debug|Any CPU.ActiveCfg = Debug|Any CPU
		{FC4E27C0-F752-4D60-8D5D-9207353F6862}.Debug|Any CPU.Build.0 = Debug|Any CPU
		{FC4E27C0-F752-4D60-8D5D-9207353F6862}.Release|Any CPU.ActiveCfg = Release|Any CPU
		{FC4E27C0-F752-4D60-8D5D-9207353F6862}.Release|Any CPU.Build.0 = Release|Any CPU
		{17C23853-30F3-4900-9D41-A68CAE4F9070}.Debug|Any CPU.ActiveCfg = Debug|Any CPU
		{17C23853-30F3-4900-9D41-A68CAE4F9070}.Debug|Any CPU.Build.0 = Debug|Any CPU
		{17C23853-30F3-4900-9D41-A68CAE4F9070}.Release|Any CPU.ActiveCfg = Release|Any CPU
		{17C23853-30F3-4900-9D41-A68CAE4F9070}.Release|Any CPU.Build.0 = Release|Any CPU
		{AD3BE10A-6338-4B00-BBB1-6FB8BB4AB149}.Debug|Any CPU.ActiveCfg = Debug|Any CPU
		{AD3BE10A-6338-4B00-BBB1-6FB8BB4AB149}.Debug|Any CPU.Build.0 = Debug|Any CPU
		{AD3BE10A-6338-4B00-BBB1-6FB8BB4AB149}.Release|Any CPU.ActiveCfg = Release|Any CPU
		{AD3BE10A-6338-4B00-BBB1-6FB8BB4AB149}.Release|Any CPU.Build.0 = Release|Any CPU
		{A1A42AD4-6C96-4A56-87E9-7AED724C536C}.Debug|Any CPU.ActiveCfg = Debug|Any CPU
		{A1A42AD4-6C96-4A56-87E9-7AED724C536C}.Debug|Any CPU.Build.0 = Debug|Any CPU
		{A1A42AD4-6C96-4A56-87E9-7AED724C536C}.Release|Any CPU.ActiveCfg = Release|Any CPU
		{A1A42AD4-6C96-4A56-87E9-7AED724C536C}.Release|Any CPU.Build.0 = Release|Any CPU
		{73242B78-3C8C-4A5B-B312-9056A1167DBC}.Debug|Any CPU.ActiveCfg = Debug|Any CPU
		{73242B78-3C8C-4A5B-B312-9056A1167DBC}.Debug|Any CPU.Build.0 = Debug|Any CPU
		{73242B78-3C8C-4A5B-B312-9056A1167DBC}.Release|Any CPU.ActiveCfg = Release|Any CPU
		{73242B78-3C8C-4A5B-B312-9056A1167DBC}.Release|Any CPU.Build.0 = Release|Any CPU
		{571AD477-1187-4E27-9ADB-CDD6E7370E8C}.Debug|Any CPU.ActiveCfg = Debug|Any CPU
		{571AD477-1187-4E27-9ADB-CDD6E7370E8C}.Debug|Any CPU.Build.0 = Debug|Any CPU
		{571AD477-1187-4E27-9ADB-CDD6E7370E8C}.Release|Any CPU.ActiveCfg = Release|Any CPU
		{571AD477-1187-4E27-9ADB-CDD6E7370E8C}.Release|Any CPU.Build.0 = Release|Any CPU
		{F4B8E286-57E3-4750-849F-A49F62C1AA4C}.Debug|Any CPU.ActiveCfg = Debug|Any CPU
		{F4B8E286-57E3-4750-849F-A49F62C1AA4C}.Debug|Any CPU.Build.0 = Debug|Any CPU
		{F4B8E286-57E3-4750-849F-A49F62C1AA4C}.Release|Any CPU.ActiveCfg = Release|Any CPU
		{F4B8E286-57E3-4750-849F-A49F62C1AA4C}.Release|Any CPU.Build.0 = Release|Any CPU
	EndGlobalSection
	GlobalSection(SolutionProperties) = preSolution
		HideSolutionNode = FALSE
	EndGlobalSection
	GlobalSection(ExtensibilityGlobals) = postSolution
		SolutionGuid = {3FFC3845-6C77-4D6B-8134-1B206EA07D2A}
	EndGlobalSection
EndGlobal
